
Microsoft Visual Studio Solution File, Format Version 12.00
# Visual Studio Version 16
VisualStudioVersion = 25.0.1706.1
MinimumVisualStudioVersion = 10.0.40219.1
Project("{FAE04EC0-301F-11D3-BF4B-00C04F79EFBC}") = "jQuery-Tutorials", "jQuery-Tutorials\jQuery-Tutorials.csproj", "{ED99F303-D397-464C-A97C-838E6A98AD4B}"
EndProject
Global
	GlobalSection(SolutionConfigurationPlatforms) = preSolution
		Debug|Any CPU = Debug|Any CPU
		Release|Any CPU = Release|Any CPU
	EndGlobalSection
	GlobalSection(ProjectConfigurationPlatforms) = postSolution
		{ED99F303-D397-464C-A97C-838E6A98AD4B}.Debug|Any CPU.ActiveCfg = Debug|Any CPU
		{ED99F303-D397-464C-A97C-838E6A98AD4B}.Debug|Any CPU.Build.0 = Debug|Any CPU
		{ED99F303-D397-464C-A97C-838E6A98AD4B}.Release|Any CPU.ActiveCfg = Release|Any CPU
		{ED99F303-D397-464C-A97C-838E6A98AD4B}.Release|Any CPU.Build.0 = Release|Any CPU
	EndGlobalSection
	GlobalSection(SolutionProperties) = preSolution
		HideSolutionNode = FALSE
	EndGlobalSection
	GlobalSection(ExtensibilityGlobals) = postSolution
		SolutionGuid = {116B0F36-A82B-46DB-8845-44FBA43C0F43}
	EndGlobalSection
EndGlobal
